PODS:
  - KeychainAccess (4.2.1)
  - Sparkle (1.24.0)
  - SwiftLint (0.41.0)

DEPENDENCIES:
  - KeychainAccess
  - Sparkle
  - SwiftLint

SPEC REPOS:
  trunk:
    - KeychainAccess
    - Sparkle
    - SwiftLint

SPEC CHECKSUMS:
  KeychainAccess: 9b07f665298d13c3a85881bd3171f6f49b8151c1
  Sparkle: 270cd27377bf04e9c128af06e3a22d0f572d6ee3
  SwiftLint: c585ebd615d9520d7fbdbe151f527977b0534f1e

PODFILE CHECKSUM: 22fb3be5551e27fe258163b49feb9a2f4a36b073

COCOAPODS: 1.10.0
